
Microsoft Visual Studio Solution File, Format Version 12.00
# Visual Studio Version 17
VisualStudioVersion = 17.14.36327.8
MinimumVisualStudioVersion = 10.0.40219.1
Project("{2150E333-8FDC-42A3-9474-1A3956D46DE8}") = "src", "src", "{13552281-9623-4D2F-B3BD-B0E82B04FC36}"
EndProject
Project("{2150E333-8FDC-42A3-9474-1A3956D46DE8}") = "TelegramBot", "TelegramBot", "{0FFB37AF-A933-0164-6E5B-358703CD89F6}"
EndProject
Project("{FAE04EC0-301F-11D3-BF4B-00C04F79EFBC}") = "TallaEgg.TelegramBot.Core", "TelegramBot\TallaEgg.TelegramBot.Core\TallaEgg.TelegramBot.Core.csproj", "{C0022875-54F0-459D-BA0C-92768D17D52E}"
EndProject
Project("{FAE04EC0-301F-11D3-BF4B-00C04F79EFBC}") = "TallaEgg.TelegramBot.Application", "TelegramBot\TallaEgg.TelegramBot.Application\TallaEgg.TelegramBot.Application.csproj", "{CCA0EDC5-B9A5-4A7D-B97B-6021C6E86D55}"
EndProject
Project("{FAE04EC0-301F-11D3-BF4B-00C04F79EFBC}") = "TallaEgg.TelegramBot.Infrastructure", "TelegramBot\TallaEgg.TelegramBot.Infrastructure\TallaEgg.TelegramBot.Infrastructure.csproj", "{A3DF6E88-AAFF-4E2F-AE6F-38FB90B18D2C}"
EndProject
Project("{FAE04EC0-301F-11D3-BF4B-00C04F79EFBC}") = "Users.Api", "src\Users.Api\Users.Api.csproj", "{2762267F-177F-0863-535A-DE671D5E0476}"
EndProject
Project("{FAE04EC0-301F-11D3-BF4B-00C04F79EFBC}") = "Users.Application", "src\Users.Application\Users.Application.csproj", "{F6192C37-D72F-3F32-AFD4-50077B1DFBC6}"
EndProject
Project("{FAE04EC0-301F-11D3-BF4B-00C04F79EFBC}") = "Users.Core", "src\Users.Core\Users.Core.csproj", "{CC7649EA-9AC0-4A65-BED3-57F513ACC0AD}"
EndProject
Project("{FAE04EC0-301F-11D3-BF4B-00C04F79EFBC}") = "Users.Infrastructure", "src\Users.Infrastructure\Users.Infrastructure.csproj", "{432A6BB3-126C-6A06-36DE-6F95897AD815}"
EndProject
Project("{FAE04EC0-301F-11D3-BF4B-00C04F79EFBC}") = "Affiliate.Api", "src\Affiliate\Affiliate.Api\Affiliate.Api.csproj", "{BD428803-B703-FE1B-C7B2-B37DB5BCF973}"
EndProject
Project("{FAE04EC0-301F-11D3-BF4B-00C04F79EFBC}") = "Affiliate.Application", "src\Affiliate\Affiliate.Application\Affiliate.Application.csproj", "{670100EC-6639-38BF-CFDE-8EDB791CBE9D}"
EndProject
Project("{FAE04EC0-301F-11D3-BF4B-00C04F79EFBC}") = "Affiliate.Core", "src\Affiliate\Affiliate.Core\Affiliate.Core.csproj", "{B6ED7FB8-D82D-E25C-FEB1-31AAF6D2E354}"
EndProject
Project("{FAE04EC0-301F-11D3-BF4B-00C04F79EFBC}") = "Affiliate.Infrastructure", "src\Affiliate\Affiliate.Infrastructure\Affiliate.Infrastructure.csproj", "{19AD8187-47ED-46BD-FC97-BB0579D8289D}"
EndProject
Project("{FAE04EC0-301F-11D3-BF4B-00C04F79EFBC}") = "Wallet.Api", "src\Wallet\Wallet.Api\Wallet.Api.csproj", "{4AB65BBB-F60B-843F-0A52-9036BF5DC7A8}"
EndProject
Project("{FAE04EC0-301F-11D3-BF4B-00C04F79EFBC}") = "Wallet.Application", "src\Wallet\Wallet.Application\Wallet.Application.csproj", "{E6993CFB-0134-D7F9-B07E-E40B141CDE71}"
EndProject
Project("{FAE04EC0-301F-11D3-BF4B-00C04F79EFBC}") = "Wallet.Core", "src\Wallet\Wallet.Core\Wallet.Core.csproj", "{A0F19D5F-E7E6-5011-7B4D-76947C56705B}"
EndProject
Project("{FAE04EC0-301F-11D3-BF4B-00C04F79EFBC}") = "Wallet.Infrastructure", "src\Wallet\Wallet.Infrastructure\Wallet.Infrastructure.csproj", "{B4CE8FF0-5FD5-F0FC-6217-9B6208F10564}"
EndProject
Project("{FAE04EC0-301F-11D3-BF4B-00C04F79EFBC}") = "Orders.Api", "src\Order\Orders.Api\Orders.Api.csproj", "{42BC7803-A9F6-44F9-A380-974843A97911}"
EndProject
Project("{2150E333-8FDC-42A3-9474-1A3956D46DE8}") = "Affiliate", "Affiliate", "{02EA681E-C7D8-13C7-8484-4AC65E1B71E8}"
EndProject
Project("{2150E333-8FDC-42A3-9474-1A3956D46DE8}") = "Order", "Order", "{E99E191C-483E-4651-A82B-6CB95816FE3A}"
EndProject
Project("{2150E333-8FDC-42A3-9474-1A3956D46DE8}") = "User", "User", "{FEF4A472-ACF9-447E-B7A8-577B0EB7EAE8}"
EndProject
Project("{2150E333-8FDC-42A3-9474-1A3956D46DE8}") = "Wallet", "Wallet", "{BF8C628F-DA56-4ED5-846F-CDA9272494BB}"
EndProject
Project("{FAE04EC0-301F-11D3-BF4B-00C04F79EFBC}") = "Orders.Application", "src\Order\Orders.Application\Orders.Application.csproj", "{0706B386-9158-82DE-0AEF-90A53837A899}"
EndProject
Project("{FAE04EC0-301F-11D3-BF4B-00C04F79EFBC}") = "Orders.Core", "src\Order\Orders.Core\Orders.Core.csproj", "{4D068F49-302A-E4A2-3417-6A40E27C6E10}"
EndProject
Project("{FAE04EC0-301F-11D3-BF4B-00C04F79EFBC}") = "Orders.Infrastructure", "src\Order\Orders.Infrastructure\Orders.Infrastructure.csproj", "{60E03B5E-E5C5-1893-DD2B-706AECA9E461}"
EndProject
Project("{2150E333-8FDC-42A3-9474-1A3956D46DE8}") = "TallaEgg", "TallaEgg", "{8116E3AA-701C-41E6-AB48-FCD1D196F173}"
EndProject
Project("{FAE04EC0-301F-11D3-BF4B-00C04F79EFBC}") = "TallaEgg.Api", "src\TallaEgg\TallaEgg.Api\TallaEgg.Api.csproj", "{72DAFBBB-5E1E-BCA9-1A63-B11B7C3A1B40}"
EndProject
Project("{FAE04EC0-301F-11D3-BF4B-00C04F79EFBC}") = "TallaEgg.Application", "src\TallaEgg\TallaEgg.Application\TallaEgg.Application.csproj", "{2EEBC9D7-558C-CEDB-DEE8-6B7DDC2F3E71}"
EndProject
Project("{FAE04EC0-301F-11D3-BF4B-00C04F79EFBC}") = "TallaEgg.Core", "src\TallaEgg\TallaEgg.Core\TallaEgg.Core.csproj", "{6D04BEB1-6FC6-530B-F05D-8F711EC87642}"
EndProject
Project("{FAE04EC0-301F-11D3-BF4B-00C04F79EFBC}") = "TallaEgg.Infrastructure", "src\TallaEgg\TallaEgg.Infrastructure\TallaEgg.Infrastructure.csproj", "{7880BDAC-95B4-4D7E-0D3B-A01D22BA739B}"
EndProject
Global
	GlobalSection(SolutionConfigurationPlatforms) = preSolution
		Debug|Any CPU = Debug|Any CPU
		Debug|x64 = Debug|x64
		Debug|x86 = Debug|x86
		Release|Any CPU = Release|Any CPU
		Release|x64 = Release|x64
		Release|x86 = Release|x86
	EndGlobalSection
	GlobalSection(ProjectConfigurationPlatforms) = postSolution
		{C0022875-54F0-459D-BA0C-92768D17D52E}.Debug|Any CPU.ActiveCfg = Debug|Any CPU
		{C0022875-54F0-459D-BA0C-92768D17D52E}.Debug|Any CPU.Build.0 = Debug|Any CPU
		{C0022875-54F0-459D-BA0C-92768D17D52E}.Debug|x64.ActiveCfg = Debug|Any CPU
		{C0022875-54F0-459D-BA0C-92768D17D52E}.Debug|x64.Build.0 = Debug|Any CPU
		{C0022875-54F0-459D-BA0C-92768D17D52E}.Debug|x86.ActiveCfg = Debug|Any CPU
		{C0022875-54F0-459D-BA0C-92768D17D52E}.Debug|x86.Build.0 = Debug|Any CPU
		{C0022875-54F0-459D-BA0C-92768D17D52E}.Release|Any CPU.ActiveCfg = Release|Any CPU
		{C0022875-54F0-459D-BA0C-92768D17D52E}.Release|Any CPU.Build.0 = Release|Any CPU
		{C0022875-54F0-459D-BA0C-92768D17D52E}.Release|x64.ActiveCfg = Release|Any CPU
		{C0022875-54F0-459D-BA0C-92768D17D52E}.Release|x64.Build.0 = Release|Any CPU
		{C0022875-54F0-459D-BA0C-92768D17D52E}.Release|x86.ActiveCfg = Release|Any CPU
		{C0022875-54F0-459D-BA0C-92768D17D52E}.Release|x86.Build.0 = Release|Any CPU
		{CCA0EDC5-B9A5-4A7D-B97B-6021C6E86D55}.Debug|Any CPU.ActiveCfg = Debug|Any CPU
		{CCA0EDC5-B9A5-4A7D-B97B-6021C6E86D55}.Debug|Any CPU.Build.0 = Debug|Any CPU
		{CCA0EDC5-B9A5-4A7D-B97B-6021C6E86D55}.Debug|x64.ActiveCfg = Debug|Any CPU
		{CCA0EDC5-B9A5-4A7D-B97B-6021C6E86D55}.Debug|x64.Build.0 = Debug|Any CPU
		{CCA0EDC5-B9A5-4A7D-B97B-6021C6E86D55}.Debug|x86.ActiveCfg = Debug|Any CPU
		{CCA0EDC5-B9A5-4A7D-B97B-6021C6E86D55}.Debug|x86.Build.0 = Debug|Any CPU
		{CCA0EDC5-B9A5-4A7D-B97B-6021C6E86D55}.Release|Any CPU.ActiveCfg = Release|Any CPU
		{CCA0EDC5-B9A5-4A7D-B97B-6021C6E86D55}.Release|Any CPU.Build.0 = Release|Any CPU
		{CCA0EDC5-B9A5-4A7D-B97B-6021C6E86D55}.Release|x64.ActiveCfg = Release|Any CPU
		{CCA0EDC5-B9A5-4A7D-B97B-6021C6E86D55}.Release|x64.Build.0 = Release|Any CPU
		{CCA0EDC5-B9A5-4A7D-B97B-6021C6E86D55}.Release|x86.ActiveCfg = Release|Any CPU
		{CCA0EDC5-B9A5-4A7D-B97B-6021C6E86D55}.Release|x86.Build.0 = Release|Any CPU
		{A3DF6E88-AAFF-4E2F-AE6F-38FB90B18D2C}.Debug|Any CPU.ActiveCfg = Debug|Any CPU
		{A3DF6E88-AAFF-4E2F-AE6F-38FB90B18D2C}.Debug|Any CPU.Build.0 = Debug|Any CPU
		{A3DF6E88-AAFF-4E2F-AE6F-38FB90B18D2C}.Debug|x64.ActiveCfg = Debug|Any CPU
		{A3DF6E88-AAFF-4E2F-AE6F-38FB90B18D2C}.Debug|x64.Build.0 = Debug|Any CPU
		{A3DF6E88-AAFF-4E2F-AE6F-38FB90B18D2C}.Debug|x86.ActiveCfg = Debug|Any CPU
		{A3DF6E88-AAFF-4E2F-AE6F-38FB90B18D2C}.Debug|x86.Build.0 = Debug|Any CPU
		{A3DF6E88-AAFF-4E2F-AE6F-38FB90B18D2C}.Release|Any CPU.ActiveCfg = Release|Any CPU
		{A3DF6E88-AAFF-4E2F-AE6F-38FB90B18D2C}.Release|Any CPU.Build.0 = Release|Any CPU
		{A3DF6E88-AAFF-4E2F-AE6F-38FB90B18D2C}.Release|x64.ActiveCfg = Release|Any CPU
		{A3DF6E88-AAFF-4E2F-AE6F-38FB90B18D2C}.Release|x64.Build.0 = Release|Any CPU
		{A3DF6E88-AAFF-4E2F-AE6F-38FB90B18D2C}.Release|x86.ActiveCfg = Release|Any CPU
		{A3DF6E88-AAFF-4E2F-AE6F-38FB90B18D2C}.Release|x86.Build.0 = Release|Any CPU
		{2762267F-177F-0863-535A-DE671D5E0476}.Debug|Any CPU.ActiveCfg = Debug|Any CPU
		{2762267F-177F-0863-535A-DE671D5E0476}.Debug|Any CPU.Build.0 = Debug|Any CPU
		{2762267F-177F-0863-535A-DE671D5E0476}.Debug|x64.ActiveCfg = Debug|Any CPU
		{2762267F-177F-0863-535A-DE671D5E0476}.Debug|x64.Build.0 = Debug|Any CPU
		{2762267F-177F-0863-535A-DE671D5E0476}.Debug|x86.ActiveCfg = Debug|Any CPU
		{2762267F-177F-0863-535A-DE671D5E0476}.Debug|x86.Build.0 = Debug|Any CPU
		{2762267F-177F-0863-535A-DE671D5E0476}.Release|Any CPU.ActiveCfg = Release|Any CPU
		{2762267F-177F-0863-535A-DE671D5E0476}.Release|Any CPU.Build.0 = Release|Any CPU
		{2762267F-177F-0863-535A-DE671D5E0476}.Release|x64.ActiveCfg = Release|Any CPU
		{2762267F-177F-0863-535A-DE671D5E0476}.Release|x64.Build.0 = Release|Any CPU
		{2762267F-177F-0863-535A-DE671D5E0476}.Release|x86.ActiveCfg = Release|Any CPU
		{2762267F-177F-0863-535A-DE671D5E0476}.Release|x86.Build.0 = Release|Any CPU
		{F6192C37-D72F-3F32-AFD4-50077B1DFBC6}.Debug|Any CPU.ActiveCfg = Debug|Any CPU
		{F6192C37-D72F-3F32-AFD4-50077B1DFBC6}.Debug|Any CPU.Build.0 = Debug|Any CPU
		{F6192C37-D72F-3F32-AFD4-50077B1DFBC6}.Debug|x64.ActiveCfg = Debug|Any CPU
		{F6192C37-D72F-3F32-AFD4-50077B1DFBC6}.Debug|x64.Build.0 = Debug|Any CPU
		{F6192C37-D72F-3F32-AFD4-50077B1DFBC6}.Debug|x86.ActiveCfg = Debug|Any CPU
		{F6192C37-D72F-3F32-AFD4-50077B1DFBC6}.Debug|x86.Build.0 = Debug|Any CPU
		{F6192C37-D72F-3F32-AFD4-50077B1DFBC6}.Release|Any CPU.ActiveCfg = Release|Any CPU
		{F6192C37-D72F-3F32-AFD4-50077B1DFBC6}.Release|Any CPU.Build.0 = Release|Any CPU
		{F6192C37-D72F-3F32-AFD4-50077B1DFBC6}.Release|x64.ActiveCfg = Release|Any CPU
		{F6192C37-D72F-3F32-AFD4-50077B1DFBC6}.Release|x64.Build.0 = Release|Any CPU
		{F6192C37-D72F-3F32-AFD4-50077B1DFBC6}.Release|x86.ActiveCfg = Release|Any CPU
		{F6192C37-D72F-3F32-AFD4-50077B1DFBC6}.Release|x86.Build.0 = Release|Any CPU
		{CC7649EA-9AC0-4A65-BED3-57F513ACC0AD}.Debug|Any CPU.ActiveCfg = Debug|Any CPU
		{CC7649EA-9AC0-4A65-BED3-57F513ACC0AD}.Debug|Any CPU.Build.0 = Debug|Any CPU
		{CC7649EA-9AC0-4A65-BED3-57F513ACC0AD}.Debug|x64.ActiveCfg = Debug|Any CPU
		{CC7649EA-9AC0-4A65-BED3-57F513ACC0AD}.Debug|x64.Build.0 = Debug|Any CPU
		{CC7649EA-9AC0-4A65-BED3-57F513ACC0AD}.Debug|x86.ActiveCfg = Debug|Any CPU
		{CC7649EA-9AC0-4A65-BED3-57F513ACC0AD}.Debug|x86.Build.0 = Debug|Any CPU
		{CC7649EA-9AC0-4A65-BED3-57F513ACC0AD}.Release|Any CPU.ActiveCfg = Release|Any CPU
		{CC7649EA-9AC0-4A65-BED3-57F513ACC0AD}.Release|Any CPU.Build.0 = Release|Any CPU
		{CC7649EA-9AC0-4A65-BED3-57F513ACC0AD}.Release|x64.ActiveCfg = Release|Any CPU
		{CC7649EA-9AC0-4A65-BED3-57F513ACC0AD}.Release|x64.Build.0 = Release|Any CPU
		{CC7649EA-9AC0-4A65-BED3-57F513ACC0AD}.Release|x86.ActiveCfg = Release|Any CPU
		{CC7649EA-9AC0-4A65-BED3-57F513ACC0AD}.Release|x86.Build.0 = Release|Any CPU
		{432A6BB3-126C-6A06-36DE-6F95897AD815}.Debug|Any CPU.ActiveCfg = Debug|Any CPU
		{432A6BB3-126C-6A06-36DE-6F95897AD815}.Debug|Any CPU.Build.0 = Debug|Any CPU
		{432A6BB3-126C-6A06-36DE-6F95897AD815}.Debug|x64.ActiveCfg = Debug|Any CPU
		{432A6BB3-126C-6A06-36DE-6F95897AD815}.Debug|x64.Build.0 = Debug|Any CPU
		{432A6BB3-126C-6A06-36DE-6F95897AD815}.Debug|x86.ActiveCfg = Debug|Any CPU
		{432A6BB3-126C-6A06-36DE-6F95897AD815}.Debug|x86.Build.0 = Debug|Any CPU
		{432A6BB3-126C-6A06-36DE-6F95897AD815}.Release|Any CPU.ActiveCfg = Release|Any CPU
		{432A6BB3-126C-6A06-36DE-6F95897AD815}.Release|Any CPU.Build.0 = Release|Any CPU
		{432A6BB3-126C-6A06-36DE-6F95897AD815}.Release|x64.ActiveCfg = Release|Any CPU
		{432A6BB3-126C-6A06-36DE-6F95897AD815}.Release|x64.Build.0 = Release|Any CPU
		{432A6BB3-126C-6A06-36DE-6F95897AD815}.Release|x86.ActiveCfg = Release|Any CPU
		{432A6BB3-126C-6A06-36DE-6F95897AD815}.Release|x86.Build.0 = Release|Any CPU
		{BD428803-B703-FE1B-C7B2-B37DB5BCF973}.Debug|Any CPU.ActiveCfg = Debug|Any CPU
		{BD428803-B703-FE1B-C7B2-B37DB5BCF973}.Debug|Any CPU.Build.0 = Debug|Any CPU
		{BD428803-B703-FE1B-C7B2-B37DB5BCF973}.Debug|x64.ActiveCfg = Debug|Any CPU
		{BD428803-B703-FE1B-C7B2-B37DB5BCF973}.Debug|x64.Build.0 = Debug|Any CPU
		{BD428803-B703-FE1B-C7B2-B37DB5BCF973}.Debug|x86.ActiveCfg = Debug|Any CPU
		{BD428803-B703-FE1B-C7B2-B37DB5BCF973}.Debug|x86.Build.0 = Debug|Any CPU
		{BD428803-B703-FE1B-C7B2-B37DB5BCF973}.Release|Any CPU.ActiveCfg = Release|Any CPU
		{BD428803-B703-FE1B-C7B2-B37DB5BCF973}.Release|Any CPU.Build.0 = Release|Any CPU
		{BD428803-B703-FE1B-C7B2-B37DB5BCF973}.Release|x64.ActiveCfg = Release|Any CPU
		{BD428803-B703-FE1B-C7B2-B37DB5BCF973}.Release|x64.Build.0 = Release|Any CPU
		{BD428803-B703-FE1B-C7B2-B37DB5BCF973}.Release|x86.ActiveCfg = Release|Any CPU
		{BD428803-B703-FE1B-C7B2-B37DB5BCF973}.Release|x86.Build.0 = Release|Any CPU
		{670100EC-6639-38BF-CFDE-8EDB791CBE9D}.Debug|Any CPU.ActiveCfg = Debug|Any CPU
		{670100EC-6639-38BF-CFDE-8EDB791CBE9D}.Debug|Any CPU.Build.0 = Debug|Any CPU
		{670100EC-6639-38BF-CFDE-8EDB791CBE9D}.Debug|x64.ActiveCfg = Debug|Any CPU
		{670100EC-6639-38BF-CFDE-8EDB791CBE9D}.Debug|x64.Build.0 = Debug|Any CPU
		{670100EC-6639-38BF-CFDE-8EDB791CBE9D}.Debug|x86.ActiveCfg = Debug|Any CPU
		{670100EC-6639-38BF-CFDE-8EDB791CBE9D}.Debug|x86.Build.0 = Debug|Any CPU
		{670100EC-6639-38BF-CFDE-8EDB791CBE9D}.Release|Any CPU.ActiveCfg = Release|Any CPU
		{670100EC-6639-38BF-CFDE-8EDB791CBE9D}.Release|Any CPU.Build.0 = Release|Any CPU
		{670100EC-6639-38BF-CFDE-8EDB791CBE9D}.Release|x64.ActiveCfg = Release|Any CPU
		{670100EC-6639-38BF-CFDE-8EDB791CBE9D}.Release|x64.Build.0 = Release|Any CPU
		{670100EC-6639-38BF-CFDE-8EDB791CBE9D}.Release|x86.ActiveCfg = Release|Any CPU
		{670100EC-6639-38BF-CFDE-8EDB791CBE9D}.Release|x86.Build.0 = Release|Any CPU
		{B6ED7FB8-D82D-E25C-FEB1-31AAF6D2E354}.Debug|Any CPU.ActiveCfg = Debug|Any CPU
		{B6ED7FB8-D82D-E25C-FEB1-31AAF6D2E354}.Debug|Any CPU.Build.0 = Debug|Any CPU
		{B6ED7FB8-D82D-E25C-FEB1-31AAF6D2E354}.Debug|x64.ActiveCfg = Debug|Any CPU
		{B6ED7FB8-D82D-E25C-FEB1-31AAF6D2E354}.Debug|x64.Build.0 = Debug|Any CPU
		{B6ED7FB8-D82D-E25C-FEB1-31AAF6D2E354}.Debug|x86.ActiveCfg = Debug|Any CPU
		{B6ED7FB8-D82D-E25C-FEB1-31AAF6D2E354}.Debug|x86.Build.0 = Debug|Any CPU
		{B6ED7FB8-D82D-E25C-FEB1-31AAF6D2E354}.Release|Any CPU.ActiveCfg = Release|Any CPU
		{B6ED7FB8-D82D-E25C-FEB1-31AAF6D2E354}.Release|Any CPU.Build.0 = Release|Any CPU
		{B6ED7FB8-D82D-E25C-FEB1-31AAF6D2E354}.Release|x64.ActiveCfg = Release|Any CPU
		{B6ED7FB8-D82D-E25C-FEB1-31AAF6D2E354}.Release|x64.Build.0 = Release|Any CPU
		{B6ED7FB8-D82D-E25C-FEB1-31AAF6D2E354}.Release|x86.ActiveCfg = Release|Any CPU
		{B6ED7FB8-D82D-E25C-FEB1-31AAF6D2E354}.Release|x86.Build.0 = Release|Any CPU
		{19AD8187-47ED-46BD-FC97-BB0579D8289D}.Debug|Any CPU.ActiveCfg = Debug|Any CPU
		{19AD8187-47ED-46BD-FC97-BB0579D8289D}.Debug|Any CPU.Build.0 = Debug|Any CPU
		{19AD8187-47ED-46BD-FC97-BB0579D8289D}.Debug|x64.ActiveCfg = Debug|Any CPU
		{19AD8187-47ED-46BD-FC97-BB0579D8289D}.Debug|x64.Build.0 = Debug|Any CPU
		{19AD8187-47ED-46BD-FC97-BB0579D8289D}.Debug|x86.ActiveCfg = Debug|Any CPU
		{19AD8187-47ED-46BD-FC97-BB0579D8289D}.Debug|x86.Build.0 = Debug|Any CPU
		{19AD8187-47ED-46BD-FC97-BB0579D8289D}.Release|Any CPU.ActiveCfg = Release|Any CPU
		{19AD8187-47ED-46BD-FC97-BB0579D8289D}.Release|Any CPU.Build.0 = Release|Any CPU
		{19AD8187-47ED-46BD-FC97-BB0579D8289D}.Release|x64.ActiveCfg = Release|Any CPU
		{19AD8187-47ED-46BD-FC97-BB0579D8289D}.Release|x64.Build.0 = Release|Any CPU
		{19AD8187-47ED-46BD-FC97-BB0579D8289D}.Release|x86.ActiveCfg = Release|Any CPU
		{19AD8187-47ED-46BD-FC97-BB0579D8289D}.Release|x86.Build.0 = Release|Any CPU
		{4AB65BBB-F60B-843F-0A52-9036BF5DC7A8}.Debug|Any CPU.ActiveCfg = Debug|Any CPU
		{4AB65BBB-F60B-843F-0A52-9036BF5DC7A8}.Debug|Any CPU.Build.0 = Debug|Any CPU
		{4AB65BBB-F60B-843F-0A52-9036BF5DC7A8}.Debug|x64.ActiveCfg = Debug|Any CPU
		{4AB65BBB-F60B-843F-0A52-9036BF5DC7A8}.Debug|x64.Build.0 = Debug|Any CPU
		{4AB65BBB-F60B-843F-0A52-9036BF5DC7A8}.Debug|x86.ActiveCfg = Debug|Any CPU
		{4AB65BBB-F60B-843F-0A52-9036BF5DC7A8}.Debug|x86.Build.0 = Debug|Any CPU
		{4AB65BBB-F60B-843F-0A52-9036BF5DC7A8}.Release|Any CPU.ActiveCfg = Release|Any CPU
		{4AB65BBB-F60B-843F-0A52-9036BF5DC7A8}.Release|Any CPU.Build.0 = Release|Any CPU
		{4AB65BBB-F60B-843F-0A52-9036BF5DC7A8}.Release|x64.ActiveCfg = Release|Any CPU
		{4AB65BBB-F60B-843F-0A52-9036BF5DC7A8}.Release|x64.Build.0 = Release|Any CPU
		{4AB65BBB-F60B-843F-0A52-9036BF5DC7A8}.Release|x86.ActiveCfg = Release|Any CPU
		{4AB65BBB-F60B-843F-0A52-9036BF5DC7A8}.Release|x86.Build.0 = Release|Any CPU
		{E6993CFB-0134-D7F9-B07E-E40B141CDE71}.Debug|Any CPU.ActiveCfg = Debug|Any CPU
		{E6993CFB-0134-D7F9-B07E-E40B141CDE71}.Debug|Any CPU.Build.0 = Debug|Any CPU
		{E6993CFB-0134-D7F9-B07E-E40B141CDE71}.Debug|x64.ActiveCfg = Debug|Any CPU
		{E6993CFB-0134-D7F9-B07E-E40B141CDE71}.Debug|x64.Build.0 = Debug|Any CPU
		{E6993CFB-0134-D7F9-B07E-E40B141CDE71}.Debug|x86.ActiveCfg = Debug|Any CPU
		{E6993CFB-0134-D7F9-B07E-E40B141CDE71}.Debug|x86.Build.0 = Debug|Any CPU
		{E6993CFB-0134-D7F9-B07E-E40B141CDE71}.Release|Any CPU.ActiveCfg = Release|Any CPU
		{E6993CFB-0134-D7F9-B07E-E40B141CDE71}.Release|Any CPU.Build.0 = Release|Any CPU
		{E6993CFB-0134-D7F9-B07E-E40B141CDE71}.Release|x64.ActiveCfg = Release|Any CPU
		{E6993CFB-0134-D7F9-B07E-E40B141CDE71}.Release|x64.Build.0 = Release|Any CPU
		{E6993CFB-0134-D7F9-B07E-E40B141CDE71}.Release|x86.ActiveCfg = Release|Any CPU
		{E6993CFB-0134-D7F9-B07E-E40B141CDE71}.Release|x86.Build.0 = Release|Any CPU
		{A0F19D5F-E7E6-5011-7B4D-76947C56705B}.Debug|Any CPU.ActiveCfg = Debug|Any CPU
		{A0F19D5F-E7E6-5011-7B4D-76947C56705B}.Debug|Any CPU.Build.0 = Debug|Any CPU
		{A0F19D5F-E7E6-5011-7B4D-76947C56705B}.Debug|x64.ActiveCfg = Debug|Any CPU
		{A0F19D5F-E7E6-5011-7B4D-76947C56705B}.Debug|x64.Build.0 = Debug|Any CPU
		{A0F19D5F-E7E6-5011-7B4D-76947C56705B}.Debug|x86.ActiveCfg = Debug|Any CPU
		{A0F19D5F-E7E6-5011-7B4D-76947C56705B}.Debug|x86.Build.0 = Debug|Any CPU
		{A0F19D5F-E7E6-5011-7B4D-76947C56705B}.Release|Any CPU.ActiveCfg = Release|Any CPU
		{A0F19D5F-E7E6-5011-7B4D-76947C56705B}.Release|Any CPU.Build.0 = Release|Any CPU
		{A0F19D5F-E7E6-5011-7B4D-76947C56705B}.Release|x64.ActiveCfg = Release|Any CPU
		{A0F19D5F-E7E6-5011-7B4D-76947C56705B}.Release|x64.Build.0 = Release|Any CPU
		{A0F19D5F-E7E6-5011-7B4D-76947C56705B}.Release|x86.ActiveCfg = Release|Any CPU
		{A0F19D5F-E7E6-5011-7B4D-76947C56705B}.Release|x86.Build.0 = Release|Any CPU
		{B4CE8FF0-5FD5-F0FC-6217-9B6208F10564}.Debug|Any CPU.ActiveCfg = Debug|Any CPU
		{B4CE8FF0-5FD5-F0FC-6217-9B6208F10564}.Debug|Any CPU.Build.0 = Debug|Any CPU
		{B4CE8FF0-5FD5-F0FC-6217-9B6208F10564}.Debug|x64.ActiveCfg = Debug|Any CPU
		{B4CE8FF0-5FD5-F0FC-6217-9B6208F10564}.Debug|x64.Build.0 = Debug|Any CPU
		{B4CE8FF0-5FD5-F0FC-6217-9B6208F10564}.Debug|x86.ActiveCfg = Debug|Any CPU
		{B4CE8FF0-5FD5-F0FC-6217-9B6208F10564}.Debug|x86.Build.0 = Debug|Any CPU
		{B4CE8FF0-5FD5-F0FC-6217-9B6208F10564}.Release|Any CPU.ActiveCfg = Release|Any CPU
		{B4CE8FF0-5FD5-F0FC-6217-9B6208F10564}.Release|Any CPU.Build.0 = Release|Any CPU
		{B4CE8FF0-5FD5-F0FC-6217-9B6208F10564}.Release|x64.ActiveCfg = Release|Any CPU
		{B4CE8FF0-5FD5-F0FC-6217-9B6208F10564}.Release|x64.Build.0 = Release|Any CPU
		{B4CE8FF0-5FD5-F0FC-6217-9B6208F10564}.Release|x86.ActiveCfg = Release|Any CPU
		{B4CE8FF0-5FD5-F0FC-6217-9B6208F10564}.Release|x86.Build.0 = Release|Any CPU
		{42BC7803-A9F6-44F9-A380-974843A97911}.Debug|Any CPU.ActiveCfg = Debug|Any CPU
		{42BC7803-A9F6-44F9-A380-974843A97911}.Debug|Any CPU.Build.0 = Debug|Any CPU
		{42BC7803-A9F6-44F9-A380-974843A97911}.Debug|x64.ActiveCfg = Debug|Any CPU
		{42BC7803-A9F6-44F9-A380-974843A97911}.Debug|x64.Build.0 = Debug|Any CPU
		{42BC7803-A9F6-44F9-A380-974843A97911}.Debug|x86.ActiveCfg = Debug|Any CPU
		{42BC7803-A9F6-44F9-A380-974843A97911}.Debug|x86.Build.0 = Debug|Any CPU
		{42BC7803-A9F6-44F9-A380-974843A97911}.Release|Any CPU.ActiveCfg = Release|Any CPU
		{42BC7803-A9F6-44F9-A380-974843A97911}.Release|Any CPU.Build.0 = Release|Any CPU
		{42BC7803-A9F6-44F9-A380-974843A97911}.Release|x64.ActiveCfg = Release|Any CPU
		{42BC7803-A9F6-44F9-A380-974843A97911}.Release|x64.Build.0 = Release|Any CPU
		{42BC7803-A9F6-44F9-A380-974843A97911}.Release|x86.ActiveCfg = Release|Any CPU
		{42BC7803-A9F6-44F9-A380-974843A97911}.Release|x86.Build.0 = Release|Any CPU
		{0706B386-9158-82DE-0AEF-90A53837A899}.Debug|Any CPU.ActiveCfg = Debug|Any CPU
		{0706B386-9158-82DE-0AEF-90A53837A899}.Debug|Any CPU.Build.0 = Debug|Any CPU
		{0706B386-9158-82DE-0AEF-90A53837A899}.Debug|x64.ActiveCfg = Debug|Any CPU
		{0706B386-9158-82DE-0AEF-90A53837A899}.Debug|x64.Build.0 = Debug|Any CPU
		{0706B386-9158-82DE-0AEF-90A53837A899}.Debug|x86.ActiveCfg = Debug|Any CPU
		{0706B386-9158-82DE-0AEF-90A53837A899}.Debug|x86.Build.0 = Debug|Any CPU
		{0706B386-9158-82DE-0AEF-90A53837A899}.Release|Any CPU.ActiveCfg = Release|Any CPU
		{0706B386-9158-82DE-0AEF-90A53837A899}.Release|Any CPU.Build.0 = Release|Any CPU
		{0706B386-9158-82DE-0AEF-90A53837A899}.Release|x64.ActiveCfg = Release|Any CPU
		{0706B386-9158-82DE-0AEF-90A53837A899}.Release|x64.Build.0 = Release|Any CPU
		{0706B386-9158-82DE-0AEF-90A53837A899}.Release|x86.ActiveCfg = Release|Any CPU
		{0706B386-9158-82DE-0AEF-90A53837A899}.Release|x86.Build.0 = Release|Any CPU
		{4D068F49-302A-E4A2-3417-6A40E27C6E10}.Debug|Any CPU.ActiveCfg = Debug|Any CPU
		{4D068F49-302A-E4A2-3417-6A40E27C6E10}.Debug|Any CPU.Build.0 = Debug|Any CPU
		{4D068F49-302A-E4A2-3417-6A40E27C6E10}.Debug|x64.ActiveCfg = Debug|Any CPU
		{4D068F49-302A-E4A2-3417-6A40E27C6E10}.Debug|x64.Build.0 = Debug|Any CPU
		{4D068F49-302A-E4A2-3417-6A40E27C6E10}.Debug|x86.ActiveCfg = Debug|Any CPU
		{4D068F49-302A-E4A2-3417-6A40E27C6E10}.Debug|x86.Build.0 = Debug|Any CPU
		{4D068F49-302A-E4A2-3417-6A40E27C6E10}.Release|Any CPU.ActiveCfg = Release|Any CPU
		{4D068F49-302A-E4A2-3417-6A40E27C6E10}.Release|Any CPU.Build.0 = Release|Any CPU
		{4D068F49-302A-E4A2-3417-6A40E27C6E10}.Release|x64.ActiveCfg = Release|Any CPU
		{4D068F49-302A-E4A2-3417-6A40E27C6E10}.Release|x64.Build.0 = Release|Any CPU
		{4D068F49-302A-E4A2-3417-6A40E27C6E10}.Release|x86.ActiveCfg = Release|Any CPU
		{4D068F49-302A-E4A2-3417-6A40E27C6E10}.Release|x86.Build.0 = Release|Any CPU
		{60E03B5E-E5C5-1893-DD2B-706AECA9E461}.Debug|Any CPU.ActiveCfg = Debug|Any CPU
		{60E03B5E-E5C5-1893-DD2B-706AECA9E461}.Debug|Any CPU.Build.0 = Debug|Any CPU
		{60E03B5E-E5C5-1893-DD2B-706AECA9E461}.Debug|x64.ActiveCfg = Debug|Any CPU
		{60E03B5E-E5C5-1893-DD2B-706AECA9E461}.Debug|x64.Build.0 = Debug|Any CPU
		{60E03B5E-E5C5-1893-DD2B-706AECA9E461}.Debug|x86.ActiveCfg = Debug|Any CPU
		{60E03B5E-E5C5-1893-DD2B-706AECA9E461}.Debug|x86.Build.0 = Debug|Any CPU
		{60E03B5E-E5C5-1893-DD2B-706AECA9E461}.Release|Any CPU.ActiveCfg = Release|Any CPU
		{60E03B5E-E5C5-1893-DD2B-706AECA9E461}.Release|Any CPU.Build.0 = Release|Any CPU
		{60E03B5E-E5C5-1893-DD2B-706AECA9E461}.Release|x64.ActiveCfg = Release|Any CPU
		{60E03B5E-E5C5-1893-DD2B-706AECA9E461}.Release|x64.Build.0 = Release|Any CPU
		{60E03B5E-E5C5-1893-DD2B-706AECA9E461}.Release|x86.ActiveCfg = Release|Any CPU
		{60E03B5E-E5C5-1893-DD2B-706AECA9E461}.Release|x86.Build.0 = Release|Any CPU
		{72DAFBBB-5E1E-BCA9-1A63-B11B7C3A1B40}.Debug|Any CPU.ActiveCfg = Debug|Any CPU
		{72DAFBBB-5E1E-BCA9-1A63-B11B7C3A1B40}.Debug|Any CPU.Build.0 = Debug|Any CPU
		{72DAFBBB-5E1E-BCA9-1A63-B11B7C3A1B40}.Debug|x64.ActiveCfg = Debug|Any CPU
		{72DAFBBB-5E1E-BCA9-1A63-B11B7C3A1B40}.Debug|x64.Build.0 = Debug|Any CPU
		{72DAFBBB-5E1E-BCA9-1A63-B11B7C3A1B40}.Debug|x86.ActiveCfg = Debug|Any CPU
		{72DAFBBB-5E1E-BCA9-1A63-B11B7C3A1B40}.Debug|x86.Build.0 = Debug|Any CPU
		{72DAFBBB-5E1E-BCA9-1A63-B11B7C3A1B40}.Release|Any CPU.ActiveCfg = Release|Any CPU
		{72DAFBBB-5E1E-BCA9-1A63-B11B7C3A1B40}.Release|Any CPU.Build.0 = Release|Any CPU
		{72DAFBBB-5E1E-BCA9-1A63-B11B7C3A1B40}.Release|x64.ActiveCfg = Release|Any CPU
		{72DAFBBB-5E1E-BCA9-1A63-B11B7C3A1B40}.Release|x64.Build.0 = Release|Any CPU
		{72DAFBBB-5E1E-BCA9-1A63-B11B7C3A1B40}.Release|x86.ActiveCfg = Release|Any CPU
		{72DAFBBB-5E1E-BCA9-1A63-B11B7C3A1B40}.Release|x86.Build.0 = Release|Any CPU
		{2EEBC9D7-558C-CEDB-DEE8-6B7DDC2F3E71}.Debug|Any CPU.ActiveCfg = Debug|Any CPU
		{2EEBC9D7-558C-CEDB-DEE8-6B7DDC2F3E71}.Debug|Any CPU.Build.0 = Debug|Any CPU
		{2EEBC9D7-558C-CEDB-DEE8-6B7DDC2F3E71}.Debug|x64.ActiveCfg = Debug|Any CPU
		{2EEBC9D7-558C-CEDB-DEE8-6B7DDC2F3E71}.Debug|x64.Build.0 = Debug|Any CPU
		{2EEBC9D7-558C-CEDB-DEE8-6B7DDC2F3E71}.Debug|x86.ActiveCfg = Debug|Any CPU
		{2EEBC9D7-558C-CEDB-DEE8-6B7DDC2F3E71}.Debug|x86.Build.0 = Debug|Any CPU
		{2EEBC9D7-558C-CEDB-DEE8-6B7DDC2F3E71}.Release|Any CPU.ActiveCfg = Release|Any CPU
		{2EEBC9D7-558C-CEDB-DEE8-6B7DDC2F3E71}.Release|Any CPU.Build.0 = Release|Any CPU
		{2EEBC9D7-558C-CEDB-DEE8-6B7DDC2F3E71}.Release|x64.ActiveCfg = Release|Any CPU
		{2EEBC9D7-558C-CEDB-DEE8-6B7DDC2F3E71}.Release|x64.Build.0 = Release|Any CPU
		{2EEBC9D7-558C-CEDB-DEE8-6B7DDC2F3E71}.Release|x86.ActiveCfg = Release|Any CPU
		{2EEBC9D7-558C-CEDB-DEE8-6B7DDC2F3E71}.Release|x86.Build.0 = Release|Any CPU
		{6D04BEB1-6FC6-530B-F05D-8F711EC87642}.Debug|Any CPU.ActiveCfg = Debug|Any CPU
		{6D04BEB1-6FC6-530B-F05D-8F711EC87642}.Debug|Any CPU.Build.0 = Debug|Any CPU
		{6D04BEB1-6FC6-530B-F05D-8F711EC87642}.Debug|x64.ActiveCfg = Debug|Any CPU
		{6D04BEB1-6FC6-530B-F05D-8F711EC87642}.Debug|x64.Build.0 = Debug|Any CPU
		{6D04BEB1-6FC6-530B-F05D-8F711EC87642}.Debug|x86.ActiveCfg = Debug|Any CPU
		{6D04BEB1-6FC6-530B-F05D-8F711EC87642}.Debug|x86.Build.0 = Debug|Any CPU
		{6D04BEB1-6FC6-530B-F05D-8F711EC87642}.Release|Any CPU.ActiveCfg = Release|Any CPU
		{6D04BEB1-6FC6-530B-F05D-8F711EC87642}.Release|Any CPU.Build.0 = Release|Any CPU
		{6D04BEB1-6FC6-530B-F05D-8F711EC87642}.Release|x64.ActiveCfg = Release|Any CPU
		{6D04BEB1-6FC6-530B-F05D-8F711EC87642}.Release|x64.Build.0 = Release|Any CPU
		{6D04BEB1-6FC6-530B-F05D-8F711EC87642}.Release|x86.ActiveCfg = Release|Any CPU
		{6D04BEB1-6FC6-530B-F05D-8F711EC87642}.Release|x86.Build.0 = Release|Any CPU
		{7880BDAC-95B4-4D7E-0D3B-A01D22BA739B}.Debug|Any CPU.ActiveCfg = Debug|Any CPU
		{7880BDAC-95B4-4D7E-0D3B-A01D22BA739B}.Debug|Any CPU.Build.0 = Debug|Any CPU
		{7880BDAC-95B4-4D7E-0D3B-A01D22BA739B}.Debug|x64.ActiveCfg = Debug|Any CPU
		{7880BDAC-95B4-4D7E-0D3B-A01D22BA739B}.Debug|x64.Build.0 = Debug|Any CPU
		{7880BDAC-95B4-4D7E-0D3B-A01D22BA739B}.Debug|x86.ActiveCfg = Debug|Any CPU
		{7880BDAC-95B4-4D7E-0D3B-A01D22BA739B}.Debug|x86.Build.0 = Debug|Any CPU
		{7880BDAC-95B4-4D7E-0D3B-A01D22BA739B}.Release|Any CPU.ActiveCfg = Release|Any CPU
		{7880BDAC-95B4-4D7E-0D3B-A01D22BA739B}.Release|Any CPU.Build.0 = Release|Any CPU
		{7880BDAC-95B4-4D7E-0D3B-A01D22BA739B}.Release|x64.ActiveCfg = Release|Any CPU
		{7880BDAC-95B4-4D7E-0D3B-A01D22BA739B}.Release|x64.Build.0 = Release|Any CPU
		{7880BDAC-95B4-4D7E-0D3B-A01D22BA739B}.Release|x86.ActiveCfg = Release|Any CPU
		{7880BDAC-95B4-4D7E-0D3B-A01D22BA739B}.Release|x86.Build.0 = Release|Any CPU
	EndGlobalSection
	GlobalSection(SolutionProperties) = preSolution
		HideSolutionNode = FALSE
	EndGlobalSection
	GlobalSection(NestedProjects) = preSolution
		{C0022875-54F0-459D-BA0C-92768D17D52E} = {0FFB37AF-A933-0164-6E5B-358703CD89F6}
		{CCA0EDC5-B9A5-4A7D-B97B-6021C6E86D55} = {0FFB37AF-A933-0164-6E5B-358703CD89F6}
		{A3DF6E88-AAFF-4E2F-AE6F-38FB90B18D2C} = {0FFB37AF-A933-0164-6E5B-358703CD89F6}
		{2762267F-177F-0863-535A-DE671D5E0476} = {FEF4A472-ACF9-447E-B7A8-577B0EB7EAE8}
		{F6192C37-D72F-3F32-AFD4-50077B1DFBC6} = {FEF4A472-ACF9-447E-B7A8-577B0EB7EAE8}
		{CC7649EA-9AC0-4A65-BED3-57F513ACC0AD} = {FEF4A472-ACF9-447E-B7A8-577B0EB7EAE8}
		{432A6BB3-126C-6A06-36DE-6F95897AD815} = {FEF4A472-ACF9-447E-B7A8-577B0EB7EAE8}
		{BD428803-B703-FE1B-C7B2-B37DB5BCF973} = {02EA681E-C7D8-13C7-8484-4AC65E1B71E8}
		{670100EC-6639-38BF-CFDE-8EDB791CBE9D} = {02EA681E-C7D8-13C7-8484-4AC65E1B71E8}
		{B6ED7FB8-D82D-E25C-FEB1-31AAF6D2E354} = {02EA681E-C7D8-13C7-8484-4AC65E1B71E8}
		{19AD8187-47ED-46BD-FC97-BB0579D8289D} = {02EA681E-C7D8-13C7-8484-4AC65E1B71E8}
		{4AB65BBB-F60B-843F-0A52-9036BF5DC7A8} = {BF8C628F-DA56-4ED5-846F-CDA9272494BB}
		{E6993CFB-0134-D7F9-B07E-E40B141CDE71} = {BF8C628F-DA56-4ED5-846F-CDA9272494BB}
		{A0F19D5F-E7E6-5011-7B4D-76947C56705B} = {BF8C628F-DA56-4ED5-846F-CDA9272494BB}
		{B4CE8FF0-5FD5-F0FC-6217-9B6208F10564} = {BF8C628F-DA56-4ED5-846F-CDA9272494BB}
		{42BC7803-A9F6-44F9-A380-974843A97911} = {E99E191C-483E-4651-A82B-6CB95816FE3A}
		{02EA681E-C7D8-13C7-8484-4AC65E1B71E8} = {13552281-9623-4D2F-B3BD-B0E82B04FC36}
		{E99E191C-483E-4651-A82B-6CB95816FE3A} = {13552281-9623-4D2F-B3BD-B0E82B04FC36}
		{FEF4A472-ACF9-447E-B7A8-577B0EB7EAE8} = {13552281-9623-4D2F-B3BD-B0E82B04FC36}
		{BF8C628F-DA56-4ED5-846F-CDA9272494BB} = {13552281-9623-4D2F-B3BD-B0E82B04FC36}
		{0706B386-9158-82DE-0AEF-90A53837A899} = {E99E191C-483E-4651-A82B-6CB95816FE3A}
		{4D068F49-302A-E4A2-3417-6A40E27C6E10} = {E99E191C-483E-4651-A82B-6CB95816FE3A}
		{60E03B5E-E5C5-1893-DD2B-706AECA9E461} = {E99E191C-483E-4651-A82B-6CB95816FE3A}
		{8116E3AA-701C-41E6-AB48-FCD1D196F173} = {13552281-9623-4D2F-B3BD-B0E82B04FC36}
		{72DAFBBB-5E1E-BCA9-1A63-B11B7C3A1B40} = {8116E3AA-701C-41E6-AB48-FCD1D196F173}
		{2EEBC9D7-558C-CEDB-DEE8-6B7DDC2F3E71} = {8116E3AA-701C-41E6-AB48-FCD1D196F173}
		{6D04BEB1-6FC6-530B-F05D-8F711EC87642} = {8116E3AA-701C-41E6-AB48-FCD1D196F173}
		{7880BDAC-95B4-4D7E-0D3B-A01D22BA739B} = {8116E3AA-701C-41E6-AB48-FCD1D196F173}
	EndGlobalSection
	GlobalSection(ExtensibilityGlobals) = postSolution
		SolutionGuid = {E4537044-8C80-4A5D-82B5-6F7ED7B5E4AE}
	EndGlobalSection
EndGlobal
